
Microsoft Visual Studio Solution File, Format Version 12.00
# Visual Studio Version 17
VisualStudioVersion = 17.14.36804.6 d17.14
MinimumVisualStudioVersion = 10.0.40219.1
Project("{FAE04EC0-301F-11D3-BF4B-00C04F79EFBC}") = "WpfApp36", "WpfApp36\WpfApp36.csproj", "{758F2DB3-3EAE-4E41-926B-880AD83A935C}"
EndProject
Global
	GlobalSection(SolutionConfigurationPlatforms) = preSolution
		Debug|Any CPU = Debug|Any CPU
		Release|Any CPU = Release|Any CPU
	EndGlobalSection
	GlobalSection(ProjectConfigurationPlatforms) = postSolution
		{758F2DB3-3EAE-4E41-926B-880AD83A935C}.Debug|Any CPU.ActiveCfg = Debug|Any CPU
		{758F2DB3-3EAE-4E41-926B-880AD83A935C}.Debug|Any CPU.Build.0 = Debug|Any CPU
		{758F2DB3-3EAE-4E41-926B-880AD83A935C}.Release|Any CPU.ActiveCfg = Release|Any CPU
		{758F2DB3-3EAE-4E41-926B-880AD83A935C}.Release|Any CPU.Build.0 = Release|Any CPU
	EndGlobalSection
	GlobalSection(SolutionProperties) = preSolution
		HideSolutionNode = FALSE
	EndGlobalSection
	GlobalSection(ExtensibilityGlobals) = postSolution
		SolutionGuid = {B0960B2C-E8D9-4F3B-BDE4-8B5BEE0B7A88}
	EndGlobalSection
EndGlobal
